
Microsoft Visual Studio Solution File, Format Version 12.00
# Visual Studio Version 16
VisualStudioVersion = 16.0.30011.22
MinimumVisualStudioVersion = 10.0.40219.1
Project("{FAE04EC0-301F-11D3-BF4B-00C04F79EFBC}") = "PipelineSystem", "PipelineSystem\PipelineSystem.csproj", "{C9906C14-994E-4D47-BAD8-6C5933AAE51E}"
EndProject
Project("{FAE04EC0-301F-11D3-BF4B-00C04F79EFBC}") = "crud testing", "crud testing\crud testing.csproj", "{75497A69-52D8-4C14-B22D-3ABFEB217BE8}"
EndProject
Global
	GlobalSection(SolutionConfigurationPlatforms) = preSolution
		Debug|Any CPU = Debug|Any CPU
		Release|Any CPU = Release|Any CPU
	EndGlobalSection
	GlobalSection(ProjectConfigurationPlatforms) = postSolution
		{C9906C14-994E-4D47-BAD8-6C5933AAE51E}.Debug|Any CPU.ActiveCfg = Debug|Any CPU
		{C9906C14-994E-4D47-BAD8-6C5933AAE51E}.Debug|Any CPU.Build.0 = Debug|Any CPU
		{C9906C14-994E-4D47-BAD8-6C5933AAE51E}.Release|Any CPU.ActiveCfg = Release|Any CPU
		{C9906C14-994E-4D47-BAD8-6C5933AAE51E}.Release|Any CPU.Build.0 = Release|Any CPU
		{75497A69-52D8-4C14-B22D-3ABFEB217BE8}.Debug|Any CPU.ActiveCfg = Debug|Any CPU
		{75497A69-52D8-4C14-B22D-3ABFEB217BE8}.Debug|Any CPU.Build.0 = Debug|Any CPU
		{75497A69-52D8-4C14-B22D-3ABFEB217BE8}.Release|Any CPU.ActiveCfg = Release|Any CPU
		{75497A69-52D8-4C14-B22D-3ABFEB217BE8}.Release|Any CPU.Build.0 = Release|Any CPU
	EndGlobalSection
	GlobalSection(SolutionProperties) = preSolution
		HideSolutionNode = FALSE
	EndGlobalSection
	GlobalSection(ExtensibilityGlobals) = postSolution
		SolutionGuid = {7C123A74-58FE-4D74-854A-A2B3854A8360}
	EndGlobalSection
EndGlobal
